
Microsoft Visual Studio Solution File, Format Version 12.00
# Visual Studio Version 16
VisualStudioVersion = 16.0.29613.14
MinimumVisualStudioVersion = 10.0.40219.1
Project("{FAE04EC0-301F-11D3-BF4B-00C04F79EFBC}") = "WebTestApp", "WebTestApp\WebTestApp.csproj", "{7ED0B4DE-D47C-4228-82F9-FFD16B58758B}"
EndProject
Global
	GlobalSection(SolutionConfigurationPlatforms) = preSolution
		Debug|Any CPU = Debug|Any CPU
		Release|Any CPU = Release|Any CPU
	EndGlobalSection
	GlobalSection(ProjectConfigurationPlatforms) = postSolution
		{7ED0B4DE-D47C-4228-82F9-FFD16B58758B}.Debug|Any CPU.ActiveCfg = Debug|Any CPU
		{7ED0B4DE-D47C-4228-82F9-FFD16B58758B}.Debug|Any CPU.Build.0 = Debug|Any CPU
		{7ED0B4DE-D47C-4228-82F9-FFD16B58758B}.Release|Any CPU.ActiveCfg = Release|Any CPU
		{7ED0B4DE-D47C-4228-82F9-FFD16B58758B}.Release|Any CPU.Build.0 = Release|Any CPU
	EndGlobalSection
	GlobalSection(SolutionProperties) = preSolution
		HideSolutionNode = FALSE
	EndGlobalSection
	GlobalSection(ExtensibilityGlobals) = postSolution
		SolutionGuid = {91ACCAF3-65BC-47E6-9A0B-B40FEEFA4FCA}
	EndGlobalSection
EndGlobal
